
Microsoft Visual Studio Solution File, Format Version 12.00
Project("{FAE04EC0-301F-11D3-BF4B-00C04F79EFBC}") = "NewsPortal.Server", "NewsPortal.Server\NewsPortal.Server.csproj", "{A9A60265-6A25-43EF-B917-3E98DCF9EAD5}"
EndProject
Project("{FAE04EC0-301F-11D3-BF4B-00C04F79EFBC}") = "NewsPortal.Server.Lib", "NewsPortal.Server.Lib\NewsPortal.Server.Lib.csproj", "{A5D27ED3-A50A-442A-84A2-6C6D3D70BB2A}"
EndProject
Project("{FAE04EC0-301F-11D3-BF4B-00C04F79EFBC}") = "NewsPortal.Server.Lib.Test", "NewsPortal.Server.Lib.Test\NewsPortal.Server.Lib.Test.csproj", "{110DBBEE-B044-4FD6-AE2D-3D8CEEE844DE}"
EndProject
Project("{FAE04EC0-301F-11D3-BF4B-00C04F79EFBC}") = "NewsPortal.Server.Test_Console", "NewsPortal.Server.Test_Console\NewsPortal.Server.Test_Console.csproj", "{88B5B4E6-1993-4EC0-8D8D-DA6F8BA8EA38}"
EndProject
Project("{FAE04EC0-301F-11D3-BF4B-00C04F79EFBC}") = "NewsPortal.Lib", "NewsPortal.Lib\NewsPortal.Lib.csproj", "{76704955-AC03-4EA3-A409-34FB975C2ED5}"
EndProject
Global
	GlobalSection(SolutionConfigurationPlatforms) = preSolution
		Debug|Any CPU = Debug|Any CPU
		Release|Any CPU = Release|Any CPU
	EndGlobalSection
	GlobalSection(ProjectConfigurationPlatforms) = postSolution
		{A9A60265-6A25-43EF-B917-3E98DCF9EAD5}.Debug|Any CPU.ActiveCfg = Debug|Any CPU
		{A9A60265-6A25-43EF-B917-3E98DCF9EAD5}.Debug|Any CPU.Build.0 = Debug|Any CPU
		{A9A60265-6A25-43EF-B917-3E98DCF9EAD5}.Release|Any CPU.ActiveCfg = Release|Any CPU
		{A9A60265-6A25-43EF-B917-3E98DCF9EAD5}.Release|Any CPU.Build.0 = Release|Any CPU
		{A5D27ED3-A50A-442A-84A2-6C6D3D70BB2A}.Debug|Any CPU.ActiveCfg = Debug|Any CPU
		{A5D27ED3-A50A-442A-84A2-6C6D3D70BB2A}.Debug|Any CPU.Build.0 = Debug|Any CPU
		{A5D27ED3-A50A-442A-84A2-6C6D3D70BB2A}.Release|Any CPU.ActiveCfg = Release|Any CPU
		{A5D27ED3-A50A-442A-84A2-6C6D3D70BB2A}.Release|Any CPU.Build.0 = Release|Any CPU
		{110DBBEE-B044-4FD6-AE2D-3D8CEEE844DE}.Debug|Any CPU.ActiveCfg = Debug|Any CPU
		{110DBBEE-B044-4FD6-AE2D-3D8CEEE844DE}.Debug|Any CPU.Build.0 = Debug|Any CPU
		{110DBBEE-B044-4FD6-AE2D-3D8CEEE844DE}.Release|Any CPU.ActiveCfg = Release|Any CPU
		{110DBBEE-B044-4FD6-AE2D-3D8CEEE844DE}.Release|Any CPU.Build.0 = Release|Any CPU
		{88B5B4E6-1993-4EC0-8D8D-DA6F8BA8EA38}.Debug|Any CPU.ActiveCfg = Debug|Any CPU
		{88B5B4E6-1993-4EC0-8D8D-DA6F8BA8EA38}.Debug|Any CPU.Build.0 = Debug|Any CPU
		{88B5B4E6-1993-4EC0-8D8D-DA6F8BA8EA38}.Release|Any CPU.ActiveCfg = Release|Any CPU
		{88B5B4E6-1993-4EC0-8D8D-DA6F8BA8EA38}.Release|Any CPU.Build.0 = Release|Any CPU
		{76704955-AC03-4EA3-A409-34FB975C2ED5}.Debug|Any CPU.ActiveCfg = Debug|Any CPU
		{76704955-AC03-4EA3-A409-34FB975C2ED5}.Debug|Any CPU.Build.0 = Debug|Any CPU
		{76704955-AC03-4EA3-A409-34FB975C2ED5}.Release|Any CPU.ActiveCfg = Release|Any CPU
		{76704955-AC03-4EA3-A409-34FB975C2ED5}.Release|Any CPU.Build.0 = Release|Any CPU
	EndGlobalSection
EndGlobal
