
Microsoft Visual Studio Solution File, Format Version 12.00
Project("{FAE04EC0-301F-11D3-BF4B-00C04F79EFBC}") = "NewsPortal.Server", "NewsPortal.Server\NewsPortal.Server.csproj", "{A9A60265-6A25-43EF-B917-3E98DCF9EAD5}"
EndProject
Global
	GlobalSection(SolutionConfigurationPlatforms) = preSolution
		Debug|Any CPU = Debug|Any CPU
		Release|Any CPU = Release|Any CPU
	EndGlobalSection
	GlobalSection(ProjectConfigurationPlatforms) = postSolution
		{A9A60265-6A25-43EF-B917-3E98DCF9EAD5}.Debug|Any CPU.ActiveCfg = Debug|Any CPU
		{A9A60265-6A25-43EF-B917-3E98DCF9EAD5}.Debug|Any CPU.Build.0 = Debug|Any CPU
		{A9A60265-6A25-43EF-B917-3E98DCF9EAD5}.Release|Any CPU.ActiveCfg = Release|Any CPU
		{A9A60265-6A25-43EF-B917-3E98DCF9EAD5}.Release|Any CPU.Build.0 = Release|Any CPU
	EndGlobalSection
EndGlobal
